// !$*UTF8*$!
{
	archiveVersion = 1;
	classes = {
	};
	objectVersion = 54;
	objects = {

/* Begin PBXBuildFile section */
		2C1C3A172A62B630001EB5CC /* BrushingInterval.swift in Sources */ = {isa = PBXBuildFile; fileRef = 2C1C3A162A62B630001EB5CC /* BrushingInterval.swift */; };
		2C3D80E32A600FA900FE1DF2 /* RuntimeSession.swift in Sources */ = {isa = PBXBuildFile; fileRef = 2C3D80E22A600FA900FE1DF2 /* RuntimeSession.swift */; };
		2C3DA7DA2656B59D00A9003D /* CountdownRingView.swift in Sources */ = {isa = PBXBuildFile; fileRef = 2C3DA7D72656B59D00A9003D /* CountdownRingView.swift */; };
		2C3DA7DB2656B59D00A9003D /* CountdownTimer.swift in Sources */ = {isa = PBXBuildFile; fileRef = 2C3DA7D82656B59D00A9003D /* CountdownTimer.swift */; };
		2C3DA7DC2656B59D00A9003D /* AnimationRingShape.swift in Sources */ = {isa = PBXBuildFile; fileRef = 2C3DA7D92656B59D00A9003D /* AnimationRingShape.swift */; };
		2C5E23D0264C7F7D00623524 /* ContentView.swift in Sources */ = {isa = PBXBuildFile; fileRef = 2C5E23CF264C7F7D00623524 /* ContentView.swift */; };
		2C67DAB92A790F8D005F5F66 /* EmojiBubbleView.swift in Sources */ = {isa = PBXBuildFile; fileRef = 2C67DAB82A790F8D005F5F66 /* EmojiBubbleView.swift */; };
		2C67DABB2A791082005F5F66 /* LandingView.swift in Sources */ = {isa = PBXBuildFile; fileRef = 2C67DABA2A791082005F5F66 /* LandingView.swift */; };
		2C67DABD2A7910A6005F5F66 /* BrushingView.swift in Sources */ = {isa = PBXBuildFile; fileRef = 2C67DABC2A7910A6005F5F66 /* BrushingView.swift */; };
		2C67DABF2A7911B2005F5F66 /* SilentModeChecker.swift in Sources */ = {isa = PBXBuildFile; fileRef = 2C67DABE2A7911B2005F5F66 /* SilentModeChecker.swift */; };
		2C67DAC12A79126C005F5F66 /* SoundPlayer.swift in Sources */ = {isa = PBXBuildFile; fileRef = 2C67DAC02A79126C005F5F66 /* SoundPlayer.swift */; };
		2C7925342A7941F4006270B5 /* bubbles.m4a in Resources */ = {isa = PBXBuildFile; fileRef = 2C67DAC52A7913F7005F5F66 /* bubbles.m4a */; };
		2CD8C625263590C20066D591 /* Scrub-O-Matic WatchKit App.app in Embed Watch Content */ = {isa = PBXBuildFile; fileRef = 2CD8C624263590C20066D591 /* Scrub-O-Matic WatchKit App.app */; settings = {ATTRIBUTES = (RemoveHeadersOnCopy, ); }; };
		2CD8C62A263590C50066D591 /* Assets.xcassets in Resources */ = {isa = PBXBuildFile; fileRef = 2CD8C629263590C50066D591 /* Assets.xcassets */; };
		2CD8C636263590C60066D591 /* ExampleWatchAppApp.swift in Sources */ = {isa = PBXBuildFile; fileRef = 2CD8C635263590C60066D591 /* ExampleWatchAppApp.swift */; };
		2CD8C63A263590C60066D591 /* NotificationController.swift in Sources */ = {isa = PBXBuildFile; fileRef = 2CD8C639263590C60066D591 /* NotificationController.swift */; };
		2CD8C63C263590C60066D591 /* NotificationView.swift in Sources */ = {isa = PBXBuildFile; fileRef = 2CD8C63B263590C60066D591 /* NotificationView.swift */; };
		2CD8C63E263590C60066D591 /* ComplicationController.swift in Sources */ = {isa = PBXBuildFile; fileRef = 2CD8C63D263590C60066D591 /* ComplicationController.swift */; };
		2CD8C640263590C70066D591 /* Assets.xcassets in Resources */ = {isa = PBXBuildFile; fileRef = 2CD8C63F263590C70066D591 /* Assets.xcassets */; };
		2CD8C643263590C70066D591 /* Preview Assets.xcassets in Resources */ = {isa = PBXBuildFile; fileRef = 2CD8C642263590C70066D591 /* Preview Assets.xcassets */; };
		2CE123C92A4C96550013CE70 /* TimeInterval+Fraction.swift in Sources */ = {isa = PBXBuildFile; fileRef = 2CE123C82A4C941D0013CE70 /* TimeInterval+Fraction.swift */; };
		2CE123CB2A4C9B590013CE70 /* BrushingFeedbackService.swift in Sources */ = {isa = PBXBuildFile; fileRef = 2CE123CA2A4C9B590013CE70 /* BrushingFeedbackService.swift */; };
/* End PBXBuildFile section */

/* Begin PBXContainerItemProxy section */
		2CD8C626263590C20066D591 /* PBXContainerItemProxy */ = {
			isa = PBXContainerItemProxy;
			containerPortal = 2CD8C61A263590C20066D591 /* Project object */;
			proxyType = 1;
			remoteGlobalIDString = 2CD8C623263590C20066D591;
			remoteInfo = "ExampleWatchApp WatchKit App";
		};
/* End PBXContainerItemProxy section */

/* Begin PBXCopyFilesBuildPhase section */
		2CD8C64F263590C70066D591 /* Embed Watch Content */ = {
			isa = PBXCopyFilesBuildPhase;
			buildActionMask = 2147483647;
			dstPath = "$(CONTENTS_FOLDER_PATH)/Watch";
			dstSubfolderSpec = 16;
			files = (
				2CD8C625263590C20066D591 /* Scrub-O-Matic WatchKit App.app in Embed Watch Content */,
			);
			name = "Embed Watch Content";
			runOnlyForDeploymentPostprocessing = 0;
		};
/* End PBXCopyFilesBuildPhase section */

/* Begin PBXFileReference section */
		2C1C3A162A62B630001EB5CC /* BrushingInterval.swift */ = {isa = PBXFileReference; lastKnownFileType = sourcecode.swift; path = BrushingInterval.swift; sourceTree = "<group>"; };
		2C3D80E22A600FA900FE1DF2 /* RuntimeSession.swift */ = {isa = PBXFileReference; lastKnownFileType = sourcecode.swift; path = RuntimeSession.swift; sourceTree = "<group>"; };
		2C3DA7D72656B59D00A9003D /* CountdownRingView.swift */ = {isa = PBXFileReference; fileEncoding = 4; lastKnownFileType = sourcecode.swift; path = CountdownRingView.swift; sourceTree = "<group>"; };
		2C3DA7D82656B59D00A9003D /* CountdownTimer.swift */ = {isa = PBXFileReference; fileEncoding = 4; lastKnownFileType = sourcecode.swift; path = CountdownTimer.swift; sourceTree = "<group>"; };
		2C3DA7D92656B59D00A9003D /* AnimationRingShape.swift */ = {isa = PBXFileReference; fileEncoding = 4; lastKnownFileType = sourcecode.swift; path = AnimationRingShape.swift; sourceTree = "<group>"; };
		2C5E23CF264C7F7D00623524 /* ContentView.swift */ = {isa = PBXFileReference; fileEncoding = 4; lastKnownFileType = sourcecode.swift; path = ContentView.swift; sourceTree = "<group>"; };
		2C67DAB82A790F8D005F5F66 /* EmojiBubbleView.swift */ = {isa = PBXFileReference; lastKnownFileType = sourcecode.swift; path = EmojiBubbleView.swift; sourceTree = "<group>"; };
		2C67DABA2A791082005F5F66 /* LandingView.swift */ = {isa = PBXFileReference; lastKnownFileType = sourcecode.swift; path = LandingView.swift; sourceTree = "<group>"; };
		2C67DABC2A7910A6005F5F66 /* BrushingView.swift */ = {isa = PBXFileReference; lastKnownFileType = sourcecode.swift; path = BrushingView.swift; sourceTree = "<group>"; };
		2C67DABE2A7911B2005F5F66 /* SilentModeChecker.swift */ = {isa = PBXFileReference; lastKnownFileType = sourcecode.swift; path = SilentModeChecker.swift; sourceTree = "<group>"; };
		2C67DAC02A79126C005F5F66 /* SoundPlayer.swift */ = {isa = PBXFileReference; lastKnownFileType = sourcecode.swift; path = SoundPlayer.swift; sourceTree = "<group>"; };
		2C67DAC52A7913F7005F5F66 /* bubbles.m4a */ = {isa = PBXFileReference; lastKnownFileType = file; path = bubbles.m4a; sourceTree = "<group>"; };
		2CD8C620263590C20066D591 /* Scrub-O-Matic.app */ = {isa = PBXFileReference; explicitFileType = wrapper.application; includeInIndex = 0; path = "Scrub-O-Matic.app"; sourceTree = BUILT_PRODUCTS_DIR; };
		2CD8C624263590C20066D591 /* Scrub-O-Matic WatchKit App.app */ = {isa = PBXFileReference; explicitFileType = wrapper.application; includeInIndex = 0; path = "Scrub-O-Matic WatchKit App.app"; sourceTree = BUILT_PRODUCTS_DIR; };
		2CD8C629263590C50066D591 /* Assets.xcassets */ = {isa = PBXFileReference; lastKnownFileType = folder.assetcatalog; path = Assets.xcassets; sourceTree = "<group>"; };
		2CD8C62B263590C50066D591 /* Info.plist */ = {isa = PBXFileReference; lastKnownFileType = text.plist.xml; path = Info.plist; sourceTree = "<group>"; };
		2CD8C635263590C60066D591 /* ExampleWatchAppApp.swift */ = {isa = PBXFileReference; lastKnownFileType = sourcecode.swift; path = ExampleWatchAppApp.swift; sourceTree = "<group>"; };
		2CD8C639263590C60066D591 /* NotificationController.swift */ = {isa = PBXFileReference; lastKnownFileType = sourcecode.swift; path = NotificationController.swift; sourceTree = "<group>"; };
		2CD8C63B263590C60066D591 /* NotificationView.swift */ = {isa = PBXFileReference; lastKnownFileType = sourcecode.swift; path = NotificationView.swift; sourceTree = "<group>"; };
		2CD8C63D263590C60066D591 /* ComplicationController.swift */ = {isa = PBXFileReference; lastKnownFileType = sourcecode.swift; path = ComplicationController.swift; sourceTree = "<group>"; };
		2CD8C63F263590C70066D591 /* Assets.xcassets */ = {isa = PBXFileReference; lastKnownFileType = folder.assetcatalog; path = Assets.xcassets; sourceTree = "<group>"; };
		2CD8C642263590C70066D591 /* Preview Assets.xcassets */ = {isa = PBXFileReference; lastKnownFileType = folder.assetcatalog; path = "Preview Assets.xcassets"; sourceTree = "<group>"; };
		2CD8C644263590C70066D591 /* Info.plist */ = {isa = PBXFileReference; lastKnownFileType = text.plist.xml; path = Info.plist; sourceTree = "<group>"; };
		2CD8C645263590C70066D591 /* PushNotificationPayload.apns */ = {isa = PBXFileReference; lastKnownFileType = text; path = PushNotificationPayload.apns; sourceTree = "<group>"; };
		2CE123C82A4C941D0013CE70 /* TimeInterval+Fraction.swift */ = {isa = PBXFileReference; lastKnownFileType = sourcecode.swift; path = "TimeInterval+Fraction.swift"; sourceTree = "<group>"; };
		2CE123CA2A4C9B590013CE70 /* BrushingFeedbackService.swift */ = {isa = PBXFileReference; lastKnownFileType = sourcecode.swift; path = BrushingFeedbackService.swift; sourceTree = "<group>"; };
/* End PBXFileReference section */

/* Begin PBXFrameworksBuildPhase section */
		2CD8C62D263590C60066D591 /* Frameworks */ = {
			isa = PBXFrameworksBuildPhase;
			buildActionMask = 2147483647;
			files = (
			);
			runOnlyForDeploymentPostprocessing = 0;
		};
/* End PBXFrameworksBuildPhase section */

/* Begin PBXGroup section */
		2C2B9A1F264C3619005E9EBC /* Frameworks */ = {
			isa = PBXGroup;
			children = (
			);
			name = Frameworks;
			sourceTree = "<group>";
		};
		2C7925332A7941E7006270B5 /* Resources */ = {
			isa = PBXGroup;
			children = (
				2C67DAC52A7913F7005F5F66 /* bubbles.m4a */,
			);
			path = Resources;
			sourceTree = "<group>";
		};
		2CD8C619263590C20066D591 = {
			isa = PBXGroup;
			children = (
				2CD8C628263590C20066D591 /* Scrub-O-Matic WatchKit App */,
				2CD8C634263590C60066D591 /* Scrub-O-Matic WatchKit Extension */,
				2CD8C621263590C20066D591 /* Products */,
				2C2B9A1F264C3619005E9EBC /* Frameworks */,
			);
			sourceTree = "<group>";
		};
		2CD8C621263590C20066D591 /* Products */ = {
			isa = PBXGroup;
			children = (
				2CD8C620263590C20066D591 /* Scrub-O-Matic.app */,
				2CD8C624263590C20066D591 /* Scrub-O-Matic WatchKit App.app */,
			);
			name = Products;
			sourceTree = "<group>";
		};
		2CD8C628263590C20066D591 /* Scrub-O-Matic WatchKit App */ = {
			isa = PBXGroup;
			children = (
				2CD8C629263590C50066D591 /* Assets.xcassets */,
				2CD8C62B263590C50066D591 /* Info.plist */,
			);
			path = "Scrub-O-Matic WatchKit App";
			sourceTree = "<group>";
		};
		2CD8C634263590C60066D591 /* Scrub-O-Matic WatchKit Extension */ = {
			isa = PBXGroup;
			children = (
				2C7925332A7941E7006270B5 /* Resources */,
				2C3DA7D92656B59D00A9003D /* AnimationRingShape.swift */,
				2C67DABE2A7911B2005F5F66 /* SilentModeChecker.swift */,
				2C67DAC02A79126C005F5F66 /* SoundPlayer.swift */,
				2C3DA7D72656B59D00A9003D /* CountdownRingView.swift */,
				2C3DA7D82656B59D00A9003D /* CountdownTimer.swift */,
				2CD8C635263590C60066D591 /* ExampleWatchAppApp.swift */,
				2C5E23CF264C7F7D00623524 /* ContentView.swift */,
				2C67DABA2A791082005F5F66 /* LandingView.swift */,
				2C67DABC2A7910A6005F5F66 /* BrushingView.swift */,
				2C67DAB82A790F8D005F5F66 /* EmojiBubbleView.swift */,
				2CE123CA2A4C9B590013CE70 /* BrushingFeedbackService.swift */,
				2C3D80E22A600FA900FE1DF2 /* RuntimeSession.swift */,
				2CD8C639263590C60066D591 /* NotificationController.swift */,
				2CD8C63B263590C60066D591 /* NotificationView.swift */,
				2CD8C63D263590C60066D591 /* ComplicationController.swift */,
				2CD8C63F263590C70066D591 /* Assets.xcassets */,
				2CD8C644263590C70066D591 /* Info.plist */,
				2CD8C645263590C70066D591 /* PushNotificationPayload.apns */,
				2CD8C641263590C70066D591 /* Preview Content */,
				2CE123C82A4C941D0013CE70 /* TimeInterval+Fraction.swift */,
				2C1C3A162A62B630001EB5CC /* BrushingInterval.swift */,
			);
			path = "Scrub-O-Matic WatchKit Extension";
			sourceTree = "<group>";
		};
		2CD8C641263590C70066D591 /* Preview Content */ = {
			isa = PBXGroup;
			children = (
				2CD8C642263590C70066D591 /* Preview Assets.xcassets */,
			);
			path = "Preview Content";
			sourceTree = "<group>";
		};
/* End PBXGroup section */

/* Begin PBXNativeTarget section */
		2CD8C61F263590C20066D591 /* Scrub-O-Matic */ = {
			isa = PBXNativeTarget;
			buildConfigurationList = 2CD8C650263590C70066D591 /* Build configuration list for PBXNativeTarget "Scrub-O-Matic" */;
			buildPhases = (
				2CD8C61E263590C20066D591 /* Resources */,
				2CD8C64F263590C70066D591 /* Embed Watch Content */,
			);
			buildRules = (
			);
			dependencies = (
				2CD8C627263590C20066D591 /* PBXTargetDependency */,
			);
			name = "Scrub-O-Matic";
			packageProductDependencies = (
			);
			productName = ExampleWatchApp;
			productReference = 2CD8C620263590C20066D591 /* Scrub-O-Matic.app */;
			productType = "com.apple.product-type.application.watchapp2-container";
		};
		2CD8C623263590C20066D591 /* Scrub-O-Matic WatchKit App */ = {
			isa = PBXNativeTarget;
			buildConfigurationList = 2CD8C64C263590C70066D591 /* Build configuration list for PBXNativeTarget "Scrub-O-Matic WatchKit App" */;
			buildPhases = (
				2CD8C622263590C20066D591 /* Resources */,
				2CD8C62C263590C60066D591 /* Sources */,
				2CD8C62D263590C60066D591 /* Frameworks */,
			);
			buildRules = (
			);
			dependencies = (
			);
			name = "Scrub-O-Matic WatchKit App";
			productName = "ExampleWatchApp WatchKit App";
			productReference = 2CD8C624263590C20066D591 /* Scrub-O-Matic WatchKit App.app */;
			productType = "com.apple.product-type.application";
		};
/* End PBXNativeTarget section */

/* Begin PBXProject section */
		2CD8C61A263590C20066D591 /* Project object */ = {
			isa = PBXProject;
			attributes = {
				BuildIndependentTargetsInParallel = YES;
				LastSwiftUpdateCheck = 1240;
				LastUpgradeCheck = 1430;
				ORGANIZATIONNAME = "Bold Ideas";
				TargetAttributes = {
					2CD8C61F263590C20066D591 = {
						CreatedOnToolsVersion = 12.4;
					};
					2CD8C623263590C20066D591 = {
						CreatedOnToolsVersion = 12.4;
					};
				};
			};
			buildConfigurationList = 2CD8C61D263590C20066D591 /* Build configuration list for PBXProject "Scrub-O-Matic" */;
			compatibilityVersion = "Xcode 9.3";
			developmentRegion = en;
			hasScannedForEncodings = 0;
			knownRegions = (
				en,
				Base,
			);
			mainGroup = 2CD8C619263590C20066D591;
			packageReferences = (
			);
			productRefGroup = 2CD8C621263590C20066D591 /* Products */;
			projectDirPath = "";
			projectRoot = "";
			targets = (
				2CD8C61F263590C20066D591 /* Scrub-O-Matic */,
				2CD8C623263590C20066D591 /* Scrub-O-Matic WatchKit App */,
			);
		};
/* End PBXProject section */

/* Begin PBXResourcesBuildPhase section */
		2CD8C61E263590C20066D591 /* Resources */ = {
			isa = PBXResourcesBuildPhase;
			buildActionMask = 2147483647;
			files = (
			);
			runOnlyForDeploymentPostprocessing = 0;
		};
		2CD8C622263590C20066D591 /* Resources */ = {
			isa = PBXResourcesBuildPhase;
			buildActionMask = 2147483647;
			files = (
				2CD8C643263590C70066D591 /* Preview Assets.xcassets in Resources */,
				2CD8C640263590C70066D591 /* Assets.xcassets in Resources */,
				2C7925342A7941F4006270B5 /* bubbles.m4a in Resources */,
				2CD8C62A263590C50066D591 /* Assets.xcassets in Resources */,
			);
			runOnlyForDeploymentPostprocessing = 0;
		};
/* End PBXResourcesBuildPhase section */

/* Begin PBXSourcesBuildPhase section */
		2CD8C62C263590C60066D591 /* Sources */ = {
			isa = PBXSourcesBuildPhase;
			buildActionMask = 2147483647;
			files = (
				2C67DAB92A790F8D005F5F66 /* EmojiBubbleView.swift in Sources */,
				2C3DA7DA2656B59D00A9003D /* CountdownRingView.swift in Sources */,
				2C67DABB2A791082005F5F66 /* LandingView.swift in Sources */,
				2C3D80E32A600FA900FE1DF2 /* RuntimeSession.swift in Sources */,
				2CD8C63A263590C60066D591 /* NotificationController.swift in Sources */,
				2C67DABF2A7911B2005F5F66 /* SilentModeChecker.swift in Sources */,
				2C5E23D0264C7F7D00623524 /* ContentView.swift in Sources */,
				2C3DA7DB2656B59D00A9003D /* CountdownTimer.swift in Sources */,
				2CE123CB2A4C9B590013CE70 /* BrushingFeedbackService.swift in Sources */,
				2CE123C92A4C96550013CE70 /* TimeInterval+Fraction.swift in Sources */,
				2C3DA7DC2656B59D00A9003D /* AnimationRingShape.swift in Sources */,
				2CD8C63E263590C60066D591 /* ComplicationController.swift in Sources */,
				2CD8C636263590C60066D591 /* ExampleWatchAppApp.swift in Sources */,
				2CD8C63C263590C60066D591 /* NotificationView.swift in Sources */,
				2C67DABD2A7910A6005F5F66 /* BrushingView.swift in Sources */,
				2C67DAC12A79126C005F5F66 /* SoundPlayer.swift in Sources */,
				2C1C3A172A62B630001EB5CC /* BrushingInterval.swift in Sources */,
			);
			runOnlyForDeploymentPostprocessing = 0;
		};
/* End PBXSourcesBuildPhase section */

/* Begin PBXTargetDependency section */
		2CD8C627263590C20066D591 /* PBXTargetDependency */ = {
			isa = PBXTargetDependency;
			target = 2CD8C623263590C20066D591 /* Scrub-O-Matic WatchKit App */;
			targetProxy = 2CD8C626263590C20066D591 /* PBXContainerItemProxy */;
		};
/* End PBXTargetDependency section */

/* Begin XCBuildConfiguration section */
		2CD8C646263590C70066D591 /* Debug */ = {
			isa = XCBuildConfiguration;
			buildSettings = {
				ALWAYS_SEARCH_USER_PATHS = NO;
				CLANG_ANALYZER_NONNULL = YES;
				CLANG_ANALYZER_NUMBER_OBJECT_CONVERSION = YES_AGGRESSIVE;
				CLANG_CXX_LANGUAGE_STANDARD = "gnu++14";
				CLANG_CXX_LIBRARY = "libc++";
				CLANG_ENABLE_MODULES = YES;
				CLANG_ENABLE_OBJC_ARC = YES;
				CLANG_ENABLE_OBJC_WEAK = YES;
				CLANG_WARN_BLOCK_CAPTURE_AUTORELEASING = YES;
				CLANG_WARN_BOOL_CONVERSION = YES;
				CLANG_WARN_COMMA = YES;
				CLANG_WARN_CONSTANT_CONVERSION = YES;
				CLANG_WARN_DEPRECATED_OBJC_IMPLEMENTATIONS = YES;
				CLANG_WARN_DIRECT_OBJC_ISA_USAGE = YES_ERROR;
				CLANG_WARN_DOCUMENTATION_COMMENTS = YES;
				CLANG_WARN_EMPTY_BODY = YES;
				CLANG_WARN_ENUM_CONVERSION = YES;
				CLANG_WARN_INFINITE_RECURSION = YES;
				CLANG_WARN_INT_CONVERSION = YES;
				CLANG_WARN_NON_LITERAL_NULL_CONVERSION = YES;
				CLANG_WARN_OBJC_IMPLICIT_RETAIN_SELF = YES;
				CLANG_WARN_OBJC_LITERAL_CONVERSION = YES;
				CLANG_WARN_OBJC_ROOT_CLASS = YES_ERROR;
				CLANG_WARN_QUOTED_INCLUDE_IN_FRAMEWORK_HEADER = YES;
				CLANG_WARN_RANGE_LOOP_ANALYSIS = YES;
				CLANG_WARN_STRICT_PROTOTYPES = YES;
				CLANG_WARN_SUSPICIOUS_MOVE = YES;
				CLANG_WARN_UNGUARDED_AVAILABILITY = YES_AGGRESSIVE;
				CLANG_WARN_UNREACHABLE_CODE = YES;
				CLANG_WARN__DUPLICATE_METHOD_MATCH = YES;
				COPY_PHASE_STRIP = NO;
				DEBUG_INFORMATION_FORMAT = dwarf;
				ENABLE_STRICT_OBJC_MSGSEND = YES;
				ENABLE_TESTABILITY = YES;
				GCC_C_LANGUAGE_STANDARD = gnu11;
				GCC_DYNAMIC_NO_PIC = NO;
				GCC_NO_COMMON_BLOCKS = YES;
				GCC_OPTIMIZATION_LEVEL = 0;
				GCC_PREPROCESSOR_DEFINITIONS = (
					"DEBUG=1",
					"$(inherited)",
				);
				GCC_WARN_64_TO_32_BIT_CONVERSION = YES;
				GCC_WARN_ABOUT_RETURN_TYPE = YES_ERROR;
				GCC_WARN_UNDECLARED_SELECTOR = YES;
				GCC_WARN_UNINITIALIZED_AUTOS = YES_AGGRESSIVE;
				GCC_WARN_UNUSED_FUNCTION = YES;
				GCC_WARN_UNUSED_VARIABLE = YES;
				MTL_ENABLE_DEBUG_INFO = INCLUDE_SOURCE;
				MTL_FAST_MATH = YES;
				ONLY_ACTIVE_ARCH = YES;
				SDKROOT = iphoneos;
				SWIFT_ACTIVE_COMPILATION_CONDITIONS = DEBUG;
				SWIFT_OPTIMIZATION_LEVEL = "-Onone";
			};
			name = Debug;
		};
		2CD8C647263590C70066D591 /* Release */ = {
			isa = XCBuildConfiguration;
			buildSettings = {
				ALWAYS_SEARCH_USER_PATHS = NO;
				CLANG_ANALYZER_NONNULL = YES;
				CLANG_ANALYZER_NUMBER_OBJECT_CONVERSION = YES_AGGRESSIVE;
				CLANG_CXX_LANGUAGE_STANDARD = "gnu++14";
				CLANG_CXX_LIBRARY = "libc++";
				CLANG_ENABLE_MODULES = YES;
				CLANG_ENABLE_OBJC_ARC = YES;
				CLANG_ENABLE_OBJC_WEAK = YES;
				CLANG_WARN_BLOCK_CAPTURE_AUTORELEASING = YES;
				CLANG_WARN_BOOL_CONVERSION = YES;
				CLANG_WARN_COMMA = YES;
				CLANG_WARN_CONSTANT_CONVERSION = YES;
				CLANG_WARN_DEPRECATED_OBJC_IMPLEMENTATIONS = YES;
				CLANG_WARN_DIRECT_OBJC_ISA_USAGE = YES_ERROR;
				CLANG_WARN_DOCUMENTATION_COMMENTS = YES;
				CLANG_WARN_EMPTY_BODY = YES;
				CLANG_WARN_ENUM_CONVERSION = YES;
				CLANG_WARN_INFINITE_RECURSION = YES;
				CLANG_WARN_INT_CONVERSION = YES;
				CLANG_WARN_NON_LITERAL_NULL_CONVERSION = YES;
				CLANG_WARN_OBJC_IMPLICIT_RETAIN_SELF = YES;
				CLANG_WARN_OBJC_LITERAL_CONVERSION = YES;
				CLANG_WARN_OBJC_ROOT_CLASS = YES_ERROR;
				CLANG_WARN_QUOTED_INCLUDE_IN_FRAMEWORK_HEADER = YES;
				CLANG_WARN_RANGE_LOOP_ANALYSIS = YES;
				CLANG_WARN_STRICT_PROTOTYPES = YES;
				CLANG_WARN_SUSPICIOUS_MOVE = YES;
				CLANG_WARN_UNGUARDED_AVAILABILITY = YES_AGGRESSIVE;
				CLANG_WARN_UNREACHABLE_CODE = YES;
				CLANG_WARN__DUPLICATE_METHOD_MATCH = YES;
				COPY_PHASE_STRIP = NO;
				DEBUG_INFORMATION_FORMAT = "dwarf-with-dsym";
				ENABLE_NS_ASSERTIONS = NO;
				ENABLE_STRICT_OBJC_MSGSEND = YES;
				GCC_C_LANGUAGE_STANDARD = gnu11;
				GCC_NO_COMMON_BLOCKS = YES;
				GCC_WARN_64_TO_32_BIT_CONVERSION = YES;
				GCC_WARN_ABOUT_RETURN_TYPE = YES_ERROR;
				GCC_WARN_UNDECLARED_SELECTOR = YES;
				GCC_WARN_UNINITIALIZED_AUTOS = YES_AGGRESSIVE;
				GCC_WARN_UNUSED_FUNCTION = YES;
				GCC_WARN_UNUSED_VARIABLE = YES;
				MTL_ENABLE_DEBUG_INFO = NO;
				MTL_FAST_MATH = YES;
				SDKROOT = iphoneos;
				SWIFT_COMPILATION_MODE = wholemodule;
				SWIFT_OPTIMIZATION_LEVEL = "-O";
				VALIDATE_PRODUCT = YES;
			};
			name = Release;
		};
		2CD8C64D263590C70066D591 /* Debug */ = {
			isa = XCBuildConfiguration;
			buildSettings = {
				ASSETCATALOG_COMPILER_APPICON_NAME = AppIcon;
				ASSETCATALOG_COMPILER_COMPLICATION_NAME = Complication;
				ASSETCATALOG_COMPILER_GLOBAL_ACCENT_COLOR_NAME = AccentColor;
				CODE_SIGN_IDENTITY = "Apple Development";
				CODE_SIGN_STYLE = Automatic;
				DEVELOPMENT_TEAM = B5NJLXJX54;
				INFOPLIST_FILE = "Scrub-O-Matic WatchKit App/Info.plist";
				LD_RUNPATH_SEARCH_PATHS = (
					"@executable_path/Frameworks",
					"@executable_path/../../Frameworks",
				);
				PRODUCT_BUNDLE_IDENTIFIER = com.boldideas.scrubomatic.app.watchkit;
				PRODUCT_NAME = "$(TARGET_NAME)";
				PROVISIONING_PROFILE_SPECIFIER = "";
				SDKROOT = watchos;
				SKIP_INSTALL = YES;
				SWIFT_VERSION = 5.0;
				TARGETED_DEVICE_FAMILY = 4;
				WATCHOS_DEPLOYMENT_TARGET = 7.2;
			};
			name = Debug;
		};
		2CD8C64E263590C70066D591 /* Release */ = {
			isa = XCBuildConfiguration;
			buildSettings = {
				ASSETCATALOG_COMPILER_APPICON_NAME = AppIcon;
				ASSETCATALOG_COMPILER_COMPLICATION_NAME = Complication;
				ASSETCATALOG_COMPILER_GLOBAL_ACCENT_COLOR_NAME = AccentColor;
				CODE_SIGN_IDENTITY = "Apple Development";
				CODE_SIGN_STYLE = Automatic;
				DEVELOPMENT_TEAM = B5NJLXJX54;
				INFOPLIST_FILE = "Scrub-O-Matic WatchKit App/Info.plist";
				LD_RUNPATH_SEARCH_PATHS = (
					"@executable_path/Frameworks",
					"@executable_path/../../Frameworks",
				);
				PRODUCT_BUNDLE_IDENTIFIER = com.boldideas.scrubomatic.app.watchkit;
				PRODUCT_NAME = "$(TARGET_NAME)";
				PROVISIONING_PROFILE_SPECIFIER = "";
				SDKROOT = watchos;
				SKIP_INSTALL = YES;
				SWIFT_VERSION = 5.0;
				TARGETED_DEVICE_FAMILY = 4;
				WATCHOS_DEPLOYMENT_TARGET = 7.2;
			};
			name = Release;
		};
		2CD8C651263590C70066D591 /* Debug */ = {
			isa = XCBuildConfiguration;
			buildSettings = {
				CODE_SIGN_STYLE = Automatic;
				CURRENT_PROJECT_VERSION = 1;
				DEVELOPMENT_TEAM = B5NJLXJX54;
				MARKETING_VERSION = 1.0;
				PRODUCT_BUNDLE_IDENTIFIER = com.boldideas.scrubomatic.app;
				PRODUCT_NAME = "$(TARGET_NAME)";
				SWIFT_VERSION = 5.0;
			};
			name = Debug;
		};
		2CD8C652263590C70066D591 /* Release */ = {
			isa = XCBuildConfiguration;
			buildSettings = {
				CODE_SIGN_STYLE = Automatic;
				CURRENT_PROJECT_VERSION = 1;
				DEVELOPMENT_TEAM = B5NJLXJX54;
				MARKETING_VERSION = 1.0;
				PRODUCT_BUNDLE_IDENTIFIER = com.boldideas.scrubomatic.app;
				PRODUCT_NAME = "$(TARGET_NAME)";
				SWIFT_VERSION = 5.0;
			};
			name = Release;
		};
/* End XCBuildConfiguration section */

/* Begin XCConfigurationList section */
		2CD8C61D263590C20066D591 /* Build configuration list for PBXProject "Scrub-O-Matic" */ = {
			isa = XCConfigurationList;
			buildConfigurations = (
				2CD8C646263590C70066D591 /* Debug */,
				2CD8C647263590C70066D591 /* Release */,
			);
			defaultConfigurationIsVisible = 0;
			defaultConfigurationName = Release;
		};
		2CD8C64C263590C70066D591 /* Build configuration list for PBXNativeTarget "Scrub-O-Matic WatchKit App" */ = {
			isa = XCConfigurationList;
			buildConfigurations = (
				2CD8C64D263590C70066D591 /* Debug */,
				2CD8C64E263590C70066D591 /* Release */,
			);
			defaultConfigurationIsVisible = 0;
			defaultConfigurationName = Release;
		};
		2CD8C650263590C70066D591 /* Build configuration list for PBXNativeTarget "Scrub-O-Matic" */ = {
			isa = XCConfigurationList;
			buildConfigurations = (
				2CD8C651263590C70066D591 /* Debug */,
				2CD8C652263590C70066D591 /* Release */,
			);
			defaultConfigurationIsVisible = 0;
			defaultConfigurationName = Release;
		};
/* End XCConfigurationList section */
	};
	rootObject = 2CD8C61A263590C20066D591 /* Project object */;
}
